
Microsoft Visual Studio Solution File, Format Version 12.00
# Visual Studio Version 16
VisualStudioVersion = 16.0.31624.102
MinimumVisualStudioVersion = 10.0.40219.1
Project("{8BC9CEB8-8B4A-11D0-8D11-00A0C91BC942}") = "CPE105_MACHINEPROBLEM1_SJF Non-Preemptive", "CPE105_MACHINEPROBLEM1_SJF Non-Preemptive.vcxproj", "{087F4FC6-29DE-48F5-B56A-DC6E815FC7B9}"
EndProject
Global
	GlobalSection(SolutionConfigurationPlatforms) = preSolution
		Debug|x64 = Debug|x64
		Debug|x86 = Debug|x86
		Release|x64 = Release|x64
		Release|x86 = Release|x86
	EndGlobalSection
	GlobalSection(ProjectConfigurationPlatforms) = postSolution
		{087F4FC6-29DE-48F5-B56A-DC6E815FC7B9}.Debug|x64.ActiveCfg = Debug|x64
		{087F4FC6-29DE-48F5-B56A-DC6E815FC7B9}.Debug|x64.Build.0 = Debug|x64
		{087F4FC6-29DE-48F5-B56A-DC6E815FC7B9}.Debug|x86.ActiveCfg = Debug|Win32
		{087F4FC6-29DE-48F5-B56A-DC6E815FC7B9}.Debug|x86.Build.0 = Debug|Win32
		{087F4FC6-29DE-48F5-B56A-DC6E815FC7B9}.Release|x64.ActiveCfg = Release|x64
		{087F4FC6-29DE-48F5-B56A-DC6E815FC7B9}.Release|x64.Build.0 = Release|x64
		{087F4FC6-29DE-48F5-B56A-DC6E815FC7B9}.Release|x86.ActiveCfg = Release|Win32
		{087F4FC6-29DE-48F5-B56A-DC6E815FC7B9}.Release|x86.Build.0 = Release|Win32
	EndGlobalSection
	GlobalSection(SolutionProperties) = preSolution
		HideSolutionNode = FALSE
	EndGlobalSection
	GlobalSection(ExtensibilityGlobals) = postSolution
		SolutionGuid = {684FEE64-7277-4F6B-9DE2-D3E5BBE9A219}
	EndGlobalSection
EndGlobal
